PODS:
  - Flutter (1.0.0)
  - flutter_web_view (0.0.1):
    - Flutter
  - path_provider (0.0.1):
    - Flutter
  - url_launcher (0.0.1):
    - Flutter

DEPENDENCIES:
  - Flutter (from `/Users/nickglynn/flutter/flutter/bin/cache/artifacts/engine/ios`)
  - flutter_web_view (from `/Users/nickglynn/flutter/flutter/.pub-cache/hosted/pub.dartlang.org/flutter_web_view-0.0.5/ios`)
  - path_provider (from `/Users/nickglynn/flutter/flutter/.pub-cache/hosted/pub.dartlang.org/path_provider-0.4.1/ios`)
  - url_launcher (from `/Users/nickglynn/flutter/flutter/.pub-cache/hosted/pub.dartlang.org/url_launcher-4.0.1/ios`)

EXTERNAL SOURCES:
  Flutter:
    :path: "/Users/nickglynn/flutter/flutter/bin/cache/artifacts/engine/ios"
  flutter_web_view:
    :path: "/Users/nickglynn/flutter/flutter/.pub-cache/hosted/pub.dartlang.org/flutter_web_view-0.0.5/ios"
  path_provider:
    :path: "/Users/nickglynn/flutter/flutter/.pub-cache/hosted/pub.dartlang.org/path_provider-0.4.1/ios"
  url_launcher:
    :path: "/Users/nickglynn/flutter/flutter/.pub-cache/hosted/pub.dartlang.org/url_launcher-4.0.1/ios"

SPEC CHECKSUMS:
  Flutter: 9d0fac939486c9aba2809b7982dfdbb47a7b0296
  flutter_web_view: 6172ec2a6b4c7a33d840300a74354b913416782e
  path_provider: 09407919825bfe3c2deae39453b7a5b44f467873
  url_launcher: 92b89c1029a0373879933c21642958c874539095

PODFILE CHECKSUM: cc70c01bca487bebd110b87397f017f3b76a89f1

COCOAPODS: 1.5.3
